// !$*UTF8*$!
{
	archiveVersion = 1;
	classes = {
	};
	objectVersion = 46;
	objects = {

/* Begin PBXBuildFile section */
		D3CE42E91B9FD6A3009D3876 /* main.m in Sources */ = {isa = PBXBuildFile; fileRef = D3CE42E81B9FD6A3009D3876 /* main.m */; };
		D3CE42EC1B9FD6A3009D3876 /* AppDelegate.m in Sources */ = {isa = PBXBuildFile; fileRef = D3CE42EB1B9FD6A3009D3876 /* AppDelegate.m */; };
		D3CE42EF1B9FD6A3009D3876 /* ViewController.m in Sources */ = {isa = PBXBuildFile; fileRef = D3CE42EE1B9FD6A3009D3876 /* ViewController.m */; };
		D3CE42F21B9FD6A3009D3876 /* Main.storyboard in Resources */ = {isa = PBXBuildFile; fileRef = D3CE42F01B9FD6A3009D3876 /* Main.storyboard */; };
		D3CE42F41B9FD6A3009D3876 /* Images.xcassets in Resources */ = {isa = PBXBuildFile; fileRef = D3CE42F31B9FD6A3009D3876 /* Images.xcassets */; };
		D3CE42F71B9FD6A3009D3876 /* LaunchScreen.xib in Resources */ = {isa = PBXBuildFile; fileRef = D3CE42F51B9FD6A3009D3876 /* LaunchScreen.xib */; };
		D3CE43031B9FD6A3009D3876 /* BCTabBarViewTests.m in Sources */ = {isa = PBXBuildFile; fileRef = D3CE43021B9FD6A3009D3876 /* BCTabBarViewTests.m */; };
		D3CE43111B9FD928009D3876 /* BCTabBarViewController.m in Sources */ = {isa = PBXBuildFile; fileRef = D3CE43101B9FD928009D3876 /* BCTabBarViewController.m */; };
		D3CE43141B9FD98B009D3876 /* BCWebChatViewController.m in Sources */ = {isa = PBXBuildFile; fileRef = D3CE43131B9FD98B009D3876 /* BCWebChatViewController.m */; };
		D3CE43171B9FD999009D3876 /* BCContactViewController.m in Sources */ = {isa = PBXBuildFile; fileRef = D3CE43161B9FD999009D3876 /* BCContactViewController.m */; };
		D3CE431A1B9FDFC3009D3876 /* BCPublicAccountViewController.m in Sources */ = {isa = PBXBuildFile; fileRef = D3CE43191B9FDFC3009D3876 /* BCPublicAccountViewController.m */; };
		D3CE431F1B9FE274009D3876 /* BCQQContactViewController.m in Sources */ = {isa = PBXBuildFile; fileRef = D3CE431E1B9FE274009D3876 /* BCQQContactViewController.m */; };
		D3CE43221B9FE2D4009D3876 /* BCFriendViewController.m in Sources */ = {isa = PBXBuildFile; fileRef = D3CE43211B9FE2D4009D3876 /* BCFriendViewController.m */; };
/* End PBXBuildFile section */

/* Begin PBXContainerItemProxy section */
		D3CE42FD1B9FD6A3009D3876 /* PBXContainerItemProxy */ = {
			isa = PBXContainerItemProxy;
			containerPortal = D3CE42DB1B9FD6A3009D3876 /* Project object */;
			proxyType = 1;
			remoteGlobalIDString = D3CE42E21B9FD6A3009D3876;
			remoteInfo = BCTabBarView;
		};
/* End PBXContainerItemProxy section */

/* Begin PBXFileReference section */
		D3CE42E31B9FD6A3009D3876 /* BCTabBarView.app */ = {isa = PBXFileReference; explicitFileType = wrapper.application; includeInIndex = 0; path = BCTabBarView.app; sourceTree = BUILT_PRODUCTS_DIR; };
		D3CE42E71B9FD6A3009D3876 /* Info.plist */ = {isa = PBXFileReference; lastKnownFileType = text.plist.xml; path = Info.plist; sourceTree = "<group>"; };
		D3CE42E81B9FD6A3009D3876 /* main.m */ = {isa = PBXFileReference; lastKnownFileType = sourcecode.c.objc; path = main.m; sourceTree = "<group>"; };
		D3CE42EA1B9FD6A3009D3876 /* AppDelegate.h */ = {isa = PBXFileReference; lastKnownFileType = sourcecode.c.h; path = AppDelegate.h; sourceTree = "<group>"; };
		D3CE42EB1B9FD6A3009D3876 /* AppDelegate.m */ = {isa = PBXFileReference; lastKnownFileType = sourcecode.c.objc; path = AppDelegate.m; sourceTree = "<group>"; };
		D3CE42ED1B9FD6A3009D3876 /* ViewController.h */ = {isa = PBXFileReference; lastKnownFileType = sourcecode.c.h; path = ViewController.h; sourceTree = "<group>"; };
		D3CE42EE1B9FD6A3009D3876 /* ViewController.m */ = {isa = PBXFileReference; lastKnownFileType = sourcecode.c.objc; path = ViewController.m; sourceTree = "<group>"; };
		D3CE42F11B9FD6A3009D3876 /* Base */ = {isa = PBXFileReference; lastKnownFileType = file.storyboard; name = Base; path = Base.lproj/Main.storyboard; sourceTree = "<group>"; };
		D3CE42F31B9FD6A3009D3876 /* Images.xcassets */ = {isa = PBXFileReference; lastKnownFileType = folder.assetcatalog; path = Images.xcassets; sourceTree = "<group>"; };
		D3CE42F61B9FD6A3009D3876 /* Base */ = {isa = PBXFileReference; lastKnownFileType = file.xib; name = Base; path = Base.lproj/LaunchScreen.xib; sourceTree = "<group>"; };
		D3CE42FC1B9FD6A3009D3876 /* BCTabBarViewTests.xctest */ = {isa = PBXFileReference; explicitFileType = wrapper.cfbundle; includeInIndex = 0; path = BCTabBarViewTests.xctest; sourceTree = BUILT_PRODUCTS_DIR; };
		D3CE43011B9FD6A3009D3876 /* Info.plist */ = {isa = PBXFileReference; lastKnownFileType = text.plist.xml; path = Info.plist; sourceTree = "<group>"; };
		D3CE43021B9FD6A3009D3876 /* BCTabBarViewTests.m */ = {isa = PBXFileReference; lastKnownFileType = sourcecode.c.objc; path = BCTabBarViewTests.m; sourceTree = "<group>"; };
		D3CE430F1B9FD928009D3876 /* BCTabBarViewController.h */ = {isa = PBXFileReference; fileEncoding = 4; lastKnownFileType = sourcecode.c.h; path = BCTabBarViewController.h; sourceTree = "<group>"; };
		D3CE43101B9FD928009D3876 /* BCTabBarViewController.m */ = {isa = PBXFileReference; fileEncoding = 4; lastKnownFileType = sourcecode.c.objc; path = BCTabBarViewController.m; sourceTree = "<group>"; };
		D3CE43121B9FD98B009D3876 /* BCWebChatViewController.h */ = {isa = PBXFileReference; fileEncoding = 4; lastKnownFileType = sourcecode.c.h; path = BCWebChatViewController.h; sourceTree = "<group>"; };
		D3CE43131B9FD98B009D3876 /* BCWebChatViewController.m */ = {isa = PBXFileReference; fileEncoding = 4; lastKnownFileType = sourcecode.c.objc; path = BCWebChatViewController.m; sourceTree = "<group>"; };
		D3CE43151B9FD999009D3876 /* BCContactViewController.h */ = {isa = PBXFileReference; fileEncoding = 4; lastKnownFileType = sourcecode.c.h; path = BCContactViewController.h; sourceTree = "<group>"; };
		D3CE43161B9FD999009D3876 /* BCContactViewController.m */ = {isa = PBXFileReference; fileEncoding = 4; lastKnownFileType = sourcecode.c.objc; path = BCContactViewController.m; sourceTree = "<group>"; };
		D3CE43181B9FDFC3009D3876 /* BCPublicAccountViewController.h */ = {isa = PBXFileReference; fileEncoding = 4; lastKnownFileType = sourcecode.c.h; path = BCPublicAccountViewController.h; sourceTree = "<group>"; };
		D3CE43191B9FDFC3009D3876 /* BCPublicAccountViewController.m */ = {isa = PBXFileReference; fileEncoding = 4; lastKnownFileType = sourcecode.c.objc; path = BCPublicAccountViewController.m; sourceTree = "<group>"; };
		D3CE431B1B9FE09E009D3876 /* BCQQContactViewController.h */ = {isa = PBXFileReference; fileEncoding = 4; lastKnownFileType = sourcecode.c.h; path = BCQQContactViewController.h; sourceTree = "<group>"; };
		D3CE431E1B9FE274009D3876 /* BCQQContactViewController.m */ = {isa = PBXFileReference; fileEncoding = 4; lastKnownFileType = sourcecode.c.objc; path = BCQQContactViewController.m; sourceTree = "<group>"; };
		D3CE43201B9FE2D4009D3876 /* BCFriendViewController.h */ = {isa = PBXFileReference; fileEncoding = 4; lastKnownFileType = sourcecode.c.h; path = BCFriendViewController.h; sourceTree = "<group>"; };
		D3CE43211B9FE2D4009D3876 /* BCFriendViewController.m */ = {isa = PBXFileReference; fileEncoding = 4; lastKnownFileType = sourcecode.c.objc; path = BCFriendViewController.m; sourceTree = "<group>"; };
/* End PBXFileReference section */

/* Begin PBXFrameworksBuildPhase section */
		D3CE42E01B9FD6A3009D3876 /* Frameworks */ = {
			isa = PBXFrameworksBuildPhase;
			buildActionMask = 2147483647;
			files = (
			);
			runOnlyForDeploymentPostprocessing = 0;
		};
		D3CE42F91B9FD6A3009D3876 /* Frameworks */ = {
			isa = PBXFrameworksBuildPhase;
			buildActionMask = 2147483647;
			files = (
			);
			runOnlyForDeploymentPostprocessing = 0;
		};
/* End PBXFrameworksBuildPhase section */

/* Begin PBXGroup section */
		D3CE42DA1B9FD6A3009D3876 = {
			isa = PBXGroup;
			children = (
				D3CE42E51B9FD6A3009D3876 /* BCTabBarView */,
				D3CE42FF1B9FD6A3009D3876 /* BCTabBarViewTests */,
				D3CE42E41B9FD6A3009D3876 /* Products */,
			);
			sourceTree = "<group>";
		};
		D3CE42E41B9FD6A3009D3876 /* Products */ = {
			isa = PBXGroup;
			children = (
				D3CE42E31B9FD6A3009D3876 /* BCTabBarView.app */,
				D3CE42FC1B9FD6A3009D3876 /* BCTabBarViewTests.xctest */,
			);
			name = Products;
			sourceTree = "<group>";
		};
		D3CE42E51B9FD6A3009D3876 /* BCTabBarView */ = {
			isa = PBXGroup;
			children = (
				D3CE430E1B9FD8A1009D3876 /* View */,
				D3CE430D1B9FD89A009D3876 /* Model */,
				D3CE430C1B9FD891009D3876 /* Controller */,
				D3CE42EA1B9FD6A3009D3876 /* AppDelegate.h */,
				D3CE42EB1B9FD6A3009D3876 /* AppDelegate.m */,
				D3CE42ED1B9FD6A3009D3876 /* ViewController.h */,
				D3CE42EE1B9FD6A3009D3876 /* ViewController.m */,
				D3CE42F01B9FD6A3009D3876 /* Main.storyboard */,
				D3CE42F31B9FD6A3009D3876 /* Images.xcassets */,
				D3CE42F51B9FD6A3009D3876 /* LaunchScreen.xib */,
				D3CE42E61B9FD6A3009D3876 /* Supporting Files */,
			);
			path = BCTabBarView;
			sourceTree = "<group>";
		};
		D3CE42E61B9FD6A3009D3876 /* Supporting Files */ = {
			isa = PBXGroup;
			children = (
				D3CE42E71B9FD6A3009D3876 /* Info.plist */,
				D3CE42E81B9FD6A3009D3876 /* main.m */,
			);
			name = "Supporting Files";
			sourceTree = "<group>";
		};
		D3CE42FF1B9FD6A3009D3876 /* BCTabBarViewTests */ = {
			isa = PBXGroup;
			children = (
				D3CE43021B9FD6A3009D3876 /* BCTabBarViewTests.m */,
				D3CE43001B9FD6A3009D3876 /* Supporting Files */,
			);
			path = BCTabBarViewTests;
			sourceTree = "<group>";
		};
		D3CE43001B9FD6A3009D3876 /* Supporting Files */ = {
			isa = PBXGroup;
			children = (
				D3CE43011B9FD6A3009D3876 /* Info.plist */,
			);
			name = "Supporting Files";
			sourceTree = "<group>";
		};
		D3CE430C1B9FD891009D3876 /* Controller */ = {
			isa = PBXGroup;
			children = (
				D3CE430F1B9FD928009D3876 /* BCTabBarViewController.h */,
				D3CE43101B9FD928009D3876 /* BCTabBarViewController.m */,
				D3CE43121B9FD98B009D3876 /* BCWebChatViewController.h */,
				D3CE43131B9FD98B009D3876 /* BCWebChatViewController.m */,
				D3CE43151B9FD999009D3876 /* BCContactViewController.h */,
				D3CE43161B9FD999009D3876 /* BCContactViewController.m */,
				D3CE43181B9FDFC3009D3876 /* BCPublicAccountViewController.h */,
				D3CE43191B9FDFC3009D3876 /* BCPublicAccountViewController.m */,
				D3CE431B1B9FE09E009D3876 /* BCQQContactViewController.h */,
				D3CE431E1B9FE274009D3876 /* BCQQContactViewController.m */,
				D3CE43201B9FE2D4009D3876 /* BCFriendViewController.h */,
				D3CE43211B9FE2D4009D3876 /* BCFriendViewController.m */,
			);
			path = Controller;
			sourceTree = "<group>";
		};
		D3CE430D1B9FD89A009D3876 /* Model */ = {
			isa = PBXGroup;
			children = (
			);
			path = Model;
			sourceTree = "<group>";
		};
		D3CE430E1B9FD8A1009D3876 /* View */ = {
			isa = PBXGroup;
			children = (
			);
			path = View;
			sourceTree = "<group>";
		};
/* End PBXGroup section */

/* Begin PBXNativeTarget section */
		D3CE42E21B9FD6A3009D3876 /* BCTabBarView */ = {
			isa = PBXNativeTarget;
			buildConfigurationList = D3CE43061B9FD6A3009D3876 /* Build configuration list for PBXNativeTarget "BCTabBarView" */;
			buildPhases = (
				D3CE42DF1B9FD6A3009D3876 /* Sources */,
				D3CE42E01B9FD6A3009D3876 /* Frameworks */,
				D3CE42E11B9FD6A3009D3876 /* Resources */,
			);
			buildRules = (
			);
			dependencies = (
			);
			name = BCTabBarView;
			productName = BCTabBarView;
			productReference = D3CE42E31B9FD6A3009D3876 /* BCTabBarView.app */;
			productType = "com.apple.product-type.application";
		};
		D3CE42FB1B9FD6A3009D3876 /* BCTabBarViewTests */ = {
			isa = PBXNativeTarget;
			buildConfigurationList = D3CE43091B9FD6A3009D3876 /* Build configuration list for PBXNativeTarget "BCTabBarViewTests" */;
			buildPhases = (
				D3CE42F81B9FD6A3009D3876 /* Sources */,
				D3CE42F91B9FD6A3009D3876 /* Frameworks */,
				D3CE42FA1B9FD6A3009D3876 /* Resources */,
			);
			buildRules = (
			);
			dependencies = (
				D3CE42FE1B9FD6A3009D3876 /* PBXTargetDependency */,
			);
			name = BCTabBarViewTests;
			productName = BCTabBarViewTests;
			productReference = D3CE42FC1B9FD6A3009D3876 /* BCTabBarViewTests.xctest */;
			productType = "com.apple.product-type.bundle.unit-test";
		};
/* End PBXNativeTarget section */

/* Begin PBXProject section */
		D3CE42DB1B9FD6A3009D3876 /* Project object */ = {
			isa = PBXProject;
			attributes = {
				LastUpgradeCheck = 0640;
				ORGANIZATIONNAME = bingoc;
				TargetAttributes = {
					D3CE42E21B9FD6A3009D3876 = {
						CreatedOnToolsVersion = 6.4;
					};
					D3CE42FB1B9FD6A3009D3876 = {
						CreatedOnToolsVersion = 6.4;
						TestTargetID = D3CE42E21B9FD6A3009D3876;
					};
				};
			};
			buildConfigurationList = D3CE42DE1B9FD6A3009D3876 /* Build configuration list for PBXProject "BCTabBarView" */;
			compatibilityVersion = "Xcode 3.2";
			developmentRegion = English;
			hasScannedForEncodings = 0;
			knownRegions = (
				en,
				Base,
			);
			mainGroup = D3CE42DA1B9FD6A3009D3876;
			productRefGroup = D3CE42E41B9FD6A3009D3876 /* Products */;
			projectDirPath = "";
			projectRoot = "";
			targets = (
				D3CE42E21B9FD6A3009D3876 /* BCTabBarView */,
				D3CE42FB1B9FD6A3009D3876 /* BCTabBarViewTests */,
			);
		};
/* End PBXProject section */

/* Begin PBXResourcesBuildPhase section */
		D3CE42E11B9FD6A3009D3876 /* Resources */ = {
			isa = PBXResourcesBuildPhase;
			buildActionMask = 2147483647;
			files = (
				D3CE42F21B9FD6A3009D3876 /* Main.storyboard in Resources */,
				D3CE42F71B9FD6A3009D3876 /* LaunchScreen.xib in Resources */,
				D3CE42F41B9FD6A3009D3876 /* Images.xcassets in Resources */,
			);
			runOnlyForDeploymentPostprocessing = 0;
		};
		D3CE42FA1B9FD6A3009D3876 /* Resources */ = {
			isa = PBXResourcesBuildPhase;
			buildActionMask = 2147483647;
			files = (
			);
			runOnlyForDeploymentPostprocessing = 0;
		};
/* End PBXResourcesBuildPhase section */

/* Begin PBXSourcesBuildPhase section */
		D3CE42DF1B9FD6A3009D3876 /* Sources */ = {
			isa = PBXSourcesBuildPhase;
			buildActionMask = 2147483647;
			files = (
				D3CE431F1B9FE274009D3876 /* BCQQContactViewController.m in Sources */,
				D3CE43171B9FD999009D3876 /* BCContactViewController.m in Sources */,
				D3CE42EF1B9FD6A3009D3876 /* ViewController.m in Sources */,
				D3CE43141B9FD98B009D3876 /* BCWebChatViewController.m in Sources */,
				D3CE42EC1B9FD6A3009D3876 /* AppDelegate.m in Sources */,
				D3CE42E91B9FD6A3009D3876 /* main.m in Sources */,
				D3CE431A1B9FDFC3009D3876 /* BCPublicAccountViewController.m in Sources */,
				D3CE43221B9FE2D4009D3876 /* BCFriendViewController.m in Sources */,
				D3CE43111B9FD928009D3876 /* BCTabBarViewController.m in Sources */,
			);
			runOnlyForDeploymentPostprocessing = 0;
		};
		D3CE42F81B9FD6A3009D3876 /* Sources */ = {
			isa = PBXSourcesBuildPhase;
			buildActionMask = 2147483647;
			files = (
				D3CE43031B9FD6A3009D3876 /* BCTabBarViewTests.m in Sources */,
			);
			runOnlyForDeploymentPostprocessing = 0;
		};
/* End PBXSourcesBuildPhase section */

/* Begin PBXTargetDependency section */
		D3CE42FE1B9FD6A3009D3876 /* PBXTargetDependency */ = {
			isa = PBXTargetDependency;
			target = D3CE42E21B9FD6A3009D3876 /* BCTabBarView */;
			targetProxy = D3CE42FD1B9FD6A3009D3876 /* PBXContainerItemProxy */;
		};
/* End PBXTargetDependency section */

/* Begin PBXVariantGroup section */
		D3CE42F01B9FD6A3009D3876 /* Main.storyboard */ = {
			isa = PBXVariantGroup;
			children = (
				D3CE42F11B9FD6A3009D3876 /* Base */,
			);
			name = Main.storyboard;
			sourceTree = "<group>";
		};
		D3CE42F51B9FD6A3009D3876 /* LaunchScreen.xib */ = {
			isa = PBXVariantGroup;
			children = (
				D3CE42F61B9FD6A3009D3876 /* Base */,
			);
			name = LaunchScreen.xib;
			sourceTree = "<group>";
		};
/* End PBXVariantGroup section */

/* Begin XCBuildConfiguration section */
		D3CE43041B9FD6A3009D3876 /* Debug */ = {
			isa = XCBuildConfiguration;
			buildSettings = {
				ALWAYS_SEARCH_USER_PATHS = NO;
				CLANG_CXX_LANGUAGE_STANDARD = "gnu++0x";
				CLANG_CXX_LIBRARY = "libc++";
				CLANG_ENABLE_MODULES = YES;
				CLANG_ENABLE_OBJC_ARC = YES;
				CLANG_WARN_BOOL_CONVERSION = YES;
				CLANG_WARN_CONSTANT_CONVERSION = YES;
				CLANG_WARN_DIRECT_OBJC_ISA_USAGE = YES_ERROR;
				CLANG_WARN_EMPTY_BODY = YES;
				CLANG_WARN_ENUM_CONVERSION = YES;
				CLANG_WARN_INT_CONVERSION = YES;
				CLANG_WARN_OBJC_ROOT_CLASS = YES_ERROR;
				CLANG_WARN_UNREACHABLE_CODE = YES;
				CLANG_WARN__DUPLICATE_METHOD_MATCH = YES;
				"CODE_SIGN_IDENTITY[sdk=iphoneos*]" = "iPhone Developer";
				COPY_PHASE_STRIP = NO;
				DEBUG_INFORMATION_FORMAT = "dwarf-with-dsym";
				ENABLE_STRICT_OBJC_MSGSEND = YES;
				GCC_C_LANGUAGE_STANDARD = gnu99;
				GCC_DYNAMIC_NO_PIC = NO;
				GCC_NO_COMMON_BLOCKS = YES;
				GCC_OPTIMIZATION_LEVEL = 0;
				GCC_PREPROCESSOR_DEFINITIONS = (
					"DEBUG=1",
					"$(inherited)",
				);
				GCC_SYMBOLS_PRIVATE_EXTERN = NO;
				GCC_WARN_64_TO_32_BIT_CONVERSION = YES;
				GCC_WARN_ABOUT_RETURN_TYPE = YES_ERROR;
				GCC_WARN_UNDECLARED_SELECTOR = YES;
				GCC_WARN_UNINITIALIZED_AUTOS = YES_AGGRESSIVE;
				GCC_WARN_UNUSED_FUNCTION = YES;
				GCC_WARN_UNUSED_VARIABLE = YES;
				IPHONEOS_DEPLOYMENT_TARGET = 8.4;
				MTL_ENABLE_DEBUG_INFO = YES;
				ONLY_ACTIVE_ARCH = YES;
				SDKROOT = iphoneos;
			};
			name = Debug;
		};
		D3CE43051B9FD6A3009D3876 /* Release */ = {
			isa = XCBuildConfiguration;
			buildSettings = {
				ALWAYS_SEARCH_USER_PATHS = NO;
				CLANG_CXX_LANGUAGE_STANDARD = "gnu++0x";
				CLANG_CXX_LIBRARY = "libc++";
				CLANG_ENABLE_MODULES = YES;
				CLANG_ENABLE_OBJC_ARC = YES;
				CLANG_WARN_BOOL_CONVERSION = YES;
				CLANG_WARN_CONSTANT_CONVERSION = YES;
				CLANG_WARN_DIRECT_OBJC_ISA_USAGE = YES_ERROR;
				CLANG_WARN_EMPTY_BODY = YES;
				CLANG_WARN_ENUM_CONVERSION = YES;
				CLANG_WARN_INT_CONVERSION = YES;
				CLANG_WARN_OBJC_ROOT_CLASS = YES_ERROR;
				CLANG_WARN_UNREACHABLE_CODE = YES;
				CLANG_WARN__DUPLICATE_METHOD_MATCH = YES;
				"CODE_SIGN_IDENTITY[sdk=iphoneos*]" = "iPhone Developer";
				COPY_PHASE_STRIP = NO;
				DEBUG_INFORMATION_FORMAT = "dwarf-with-dsym";
				ENABLE_NS_ASSERTIONS = NO;
				ENABLE_STRICT_OBJC_MSGSEND = YES;
				GCC_C_LANGUAGE_STANDARD = gnu99;
				GCC_NO_COMMON_BLOCKS = YES;
				GCC_WARN_64_TO_32_BIT_CONVERSION = YES;
				GCC_WARN_ABOUT_RETURN_TYPE = YES_ERROR;
				GCC_WARN_UNDECLARED_SELECTOR = YES;
				GCC_WARN_UNINITIALIZED_AUTOS = YES_AGGRESSIVE;
				GCC_WARN_UNUSED_FUNCTION = YES;
				GCC_WARN_UNUSED_VARIABLE = YES;
				IPHONEOS_DEPLOYMENT_TARGET = 8.4;
				MTL_ENABLE_DEBUG_INFO = NO;
				SDKROOT = iphoneos;
				VALIDATE_PRODUCT = YES;
			};
			name = Release;
		};
		D3CE43071B9FD6A3009D3876 /* Debug */ = {
			isa = XCBuildConfiguration;
			buildSettings = {
				ASSETCATALOG_COMPILER_APPICON_NAME = AppIcon;
				INFOPLIST_FILE = BCTabBarView/Info.plist;
				LD_RUNPATH_SEARCH_PATHS = "$(inherited) @executable_path/Frameworks";
				PRODUCT_NAME = "$(TARGET_NAME)";
			};
			name = Debug;
		};
		D3CE43081B9FD6A3009D3876 /* Release */ = {
			isa = XCBuildConfiguration;
			buildSettings = {
				ASSETCATALOG_COMPILER_APPICON_NAME = AppIcon;
				INFOPLIST_FILE = BCTabBarView/Info.plist;
				LD_RUNPATH_SEARCH_PATHS = "$(inherited) @executable_path/Frameworks";
				PRODUCT_NAME = "$(TARGET_NAME)";
			};
			name = Release;
		};
		D3CE430A1B9FD6A3009D3876 /* Debug */ = {
			isa = XCBuildConfiguration;
			buildSettings = {
				BUNDLE_LOADER = "$(TEST_HOST)";
				FRAMEWORK_SEARCH_PATHS = (
					"$(SDKROOT)/Developer/Library/Frameworks",
					"$(inherited)",
				);
				GCC_PREPROCESSOR_DEFINITIONS = (
					"DEBUG=1",
					"$(inherited)",
				);
				INFOPLIST_FILE = BCTabBarViewTests/Info.plist;
				LD_RUNPATH_SEARCH_PATHS = "$(inherited) @executable_path/Frameworks @loader_path/Frameworks";
				PRODUCT_NAME = "$(TARGET_NAME)";
				TEST_HOST = "$(BUILT_PRODUCTS_DIR)/BCTabBarView.app/BCTabBarView";
			};
			name = Debug;
		};
		D3CE430B1B9FD6A3009D3876 /* Release */ = {
			isa = XCBuildConfiguration;
			buildSettings = {
				BUNDLE_LOADER = "$(TEST_HOST)";
				FRAMEWORK_SEARCH_PATHS = (
					"$(SDKROOT)/Developer/Library/Frameworks",
					"$(inherited)",
				);
				INFOPLIST_FILE = BCTabBarViewTests/Info.plist;
				LD_RUNPATH_SEARCH_PATHS = "$(inherited) @executable_path/Frameworks @loader_path/Frameworks";
				PRODUCT_NAME = "$(TARGET_NAME)";
				TEST_HOST = "$(BUILT_PRODUCTS_DIR)/BCTabBarView.app/BCTabBarView";
			};
			name = Release;
		};
/* End XCBuildConfiguration section */

/* Begin XCConfigurationList section */
		D3CE42DE1B9FD6A3009D3876 /* Build configuration list for PBXProject "BCTabBarView" */ = {
			isa = XCConfigurationList;
			buildConfigurations = (
				D3CE43041B9FD6A3009D3876 /* Debug */,
				D3CE43051B9FD6A3009D3876 /* Release */,
			);
			defaultConfigurationIsVisible = 0;
			defaultConfigurationName = Release;
		};
		D3CE43061B9FD6A3009D3876 /* Build configuration list for PBXNativeTarget "BCTabBarView" */ = {
			isa = XCConfigurationList;
			buildConfigurations = (
				D3CE43071B9FD6A3009D3876 /* Debug */,
				D3CE43081B9FD6A3009D3876 /* Release */,
			);
			defaultConfigurationIsVisible = 0;
		};
		D3CE43091B9FD6A3009D3876 /* Build configuration list for PBXNativeTarget "BCTabBarViewTests" */ = {
			isa = XCConfigurationList;
			buildConfigurations = (
				D3CE430A1B9FD6A3009D3876 /* Debug */,
				D3CE430B1B9FD6A3009D3876 /* Release */,
			);
			defaultConfigurationIsVisible = 0;
		};
/* End XCConfigurationList section */
	};
	rootObject = D3CE42DB1B9FD6A3009D3876 /* Project object */;
}
